
Microsoft Visual Studio Solution File, Format Version 12.00
# Visual Studio Version 16
VisualStudioVersion = 16.0.29009.5
MinimumVisualStudioVersion = 10.0.40219.1
Project("{9A19103F-16F7-4668-BE54-9A1E7A4F7556}") = "tizenscan", "tizenscan\tizenscan.csproj", "{3AA61614-7120-4C63-AC29-CE16F0D68545}"
EndProject
Global
	GlobalSection(SolutionConfigurationPlatforms) = preSolution
		Debug|Any CPU = Debug|Any CPU
		Release|Any CPU = Release|Any CPU
	EndGlobalSection
	GlobalSection(ProjectConfigurationPlatforms) = postSolution
		{3AA61614-7120-4C63-AC29-CE16F0D68545}.Debug|Any CPU.ActiveCfg = Debug|Any CPU
		{3AA61614-7120-4C63-AC29-CE16F0D68545}.Debug|Any CPU.Build.0 = Debug|Any CPU
		{3AA61614-7120-4C63-AC29-CE16F0D68545}.Release|Any CPU.ActiveCfg = Release|Any CPU
		{3AA61614-7120-4C63-AC29-CE16F0D68545}.Release|Any CPU.Build.0 = Release|Any CPU
	EndGlobalSection
	GlobalSection(SolutionProperties) = preSolution
		HideSolutionNode = FALSE
	EndGlobalSection
	GlobalSection(ExtensibilityGlobals) = postSolution
		SolutionGuid = {0ADF10AD-DA37-4D5C-A97D-3A482F9140EC}
	EndGlobalSection
EndGlobal
